// !$*UTF8*$!
{
	archiveVersion = 1;
	classes = {
	};
	objectVersion = 56;
	objects = {

/* Begin PBXBuildFile section */
		505B95352959926A005F00C8 /* ReviewViewController.swift in Sources */ = {isa = PBXBuildFile; fileRef = 505B95342959926A005F00C8 /* ReviewViewController.swift */; };
		505B953829599976005F00C8 /* UIViewController+.swift in Sources */ = {isa = PBXBuildFile; fileRef = 505B953729599976005F00C8 /* UIViewController+.swift */; };
		505B953B29599A24005F00C8 /* ReviewView.swift in Sources */ = {isa = PBXBuildFile; fileRef = 505B953A29599A24005F00C8 /* ReviewView.swift */; };
		507089B0295ABC2B00DD8D85 /* Color+.swift in Sources */ = {isa = PBXBuildFile; fileRef = 507089AF295ABC2B00DD8D85 /* Color+.swift */; };
		507089B2295ADE1A00DD8D85 /* View+.swift in Sources */ = {isa = PBXBuildFile; fileRef = 507089B1295ADE1A00DD8D85 /* View+.swift */; };
		507089B4295AE9D600DD8D85 /* ReviewViewModel.swift in Sources */ = {isa = PBXBuildFile; fileRef = 507089B3295AE9D600DD8D85 /* ReviewViewModel.swift */; };
		50A5FFEB295D765700710B5D /* AddViewController.swift in Sources */ = {isa = PBXBuildFile; fileRef = 50A5FFEA295D765700710B5D /* AddViewController.swift */; };
		50BD589E29580C3E009F9556 /* UIFullWidthButton.swift in Sources */ = {isa = PBXBuildFile; fileRef = 50BD589D29580C3E009F9556 /* UIFullWidthButton.swift */; };
		50BD58A029587240009F9556 /* FullWidthButton.swift in Sources */ = {isa = PBXBuildFile; fileRef = 50BD589F29587240009F9556 /* FullWidthButton.swift */; };
		50C1BE3A295C7539009A57BA /* UITextView+.swift in Sources */ = {isa = PBXBuildFile; fileRef = 50C1BE39295C7539009A57BA /* UITextView+.swift */; };
		50C1BE3C295C87B1009A57BA /* AddViewModel.swift in Sources */ = {isa = PBXBuildFile; fileRef = 50C1BE3B295C87B1009A57BA /* AddViewModel.swift */; };
		50DBEA0A2952E94400ED00FD /* Colors.xcassets in Resources */ = {isa = PBXBuildFile; fileRef = 50DBEA092952E94400ED00FD /* Colors.xcassets */; };
		50DBEA0F2952EBC300ED00FD /* UIColor+.swift in Sources */ = {isa = PBXBuildFile; fileRef = 50DBEA0E2952EBC300ED00FD /* UIColor+.swift */; };
		A79120D2294A0A5F0044E652 /* AppDelegate.swift in Sources */ = {isa = PBXBuildFile; fileRef = A79120D1294A0A5F0044E652 /* AppDelegate.swift */; };
		A79120D4294A0A5F0044E652 /* SceneDelegate.swift in Sources */ = {isa = PBXBuildFile; fileRef = A79120D3294A0A5F0044E652 /* SceneDelegate.swift */; };
		A79120DC294A0A5F0044E652 /* HRHN.xcdatamodeld in Sources */ = {isa = PBXBuildFile; fileRef = A79120DA294A0A5F0044E652 /* HRHN.xcdatamodeld */; };
		A79120DE294A0A610044E652 /* Assets.xcassets in Resources */ = {isa = PBXBuildFile; fileRef = A79120DD294A0A610044E652 /* Assets.xcassets */; };
		A79120E1294A0A610044E652 /* LaunchScreen.storyboard in Resources */ = {isa = PBXBuildFile; fileRef = A79120DF294A0A610044E652 /* LaunchScreen.storyboard */; };
		A79120EC294A0A610044E652 /* HRHNTests.swift in Sources */ = {isa = PBXBuildFile; fileRef = A79120EB294A0A610044E652 /* HRHNTests.swift */; };
		A79120F6294A0A610044E652 /* HRHNUITests.swift in Sources */ = {isa = PBXBuildFile; fileRef = A79120F5294A0A610044E652 /* HRHNUITests.swift */; };
		A79120F8294A0A610044E652 /* HRHNUITestsLaunchTests.swift in Sources */ = {isa = PBXBuildFile; fileRef = A79120F7294A0A610044E652 /* HRHNUITestsLaunchTests.swift */; };
		A7912106294B0C3F0044E652 /* SnapKit in Frameworks */ = {isa = PBXBuildFile; productRef = A7912105294B0C3F0044E652 /* SnapKit */; };
		A791210C294B190E0044E652 /* TodayViewController.swift in Sources */ = {isa = PBXBuildFile; fileRef = A791210B294B190E0044E652 /* TodayViewController.swift */; };
		A7912115294B1AAB0044E652 /* Challenge.swift in Sources */ = {isa = PBXBuildFile; fileRef = A7912114294B1AAB0044E652 /* Challenge.swift */; };
		A7912121294B1B440044E652 /* CoreDataManager.swift in Sources */ = {isa = PBXBuildFile; fileRef = A7912120294B1B440044E652 /* CoreDataManager.swift */; };
		A79121272950D12A0044E652 /* TabBarController.swift in Sources */ = {isa = PBXBuildFile; fileRef = A79121262950D12A0044E652 /* TabBarController.swift */; };
		A79121292950D2000044E652 /* RecordViewController.swift in Sources */ = {isa = PBXBuildFile; fileRef = A79121282950D2000044E652 /* RecordViewController.swift */; };
		A791212B2950D5A20044E652 /* UIView+.swift in Sources */ = {isa = PBXBuildFile; fileRef = A791212A2950D5A20044E652 /* UIView+.swift */; };
		A791212D2950D5B00044E652 /* UIStackView+.swift in Sources */ = {isa = PBXBuildFile; fileRef = A791212C2950D5B00044E652 /* UIStackView+.swift */; };
		A79121482952259A0044E652 /* DeviceKit in Frameworks */ = {isa = PBXBuildFile; productRef = A79121472952259A0044E652 /* DeviceKit */; };
		A791214B295227230044E652 /* DeviceManager.swift in Sources */ = {isa = PBXBuildFile; fileRef = A791214A295227230044E652 /* DeviceManager.swift */; };
		A791214D295228200044E652 /* CGFloat+.swift in Sources */ = {isa = PBXBuildFile; fileRef = A791214C295228200044E652 /* CGFloat+.swift */; };
		A791214F295228530044E652 /* Double+.swift in Sources */ = {isa = PBXBuildFile; fileRef = A791214E295228530044E652 /* Double+.swift */; };
		A79121622954C2D60044E652 /* ChallengeMO+CoreDataClass.swift in Sources */ = {isa = PBXBuildFile; fileRef = A79121602954C2D60044E652 /* ChallengeMO+CoreDataClass.swift */; };
		A79121632954C2D60044E652 /* ChallengeMO+CoreDataProperties.swift in Sources */ = {isa = PBXBuildFile; fileRef = A79121612954C2D60044E652 /* ChallengeMO+CoreDataProperties.swift */; };
		A79121692954FB600044E652 /* Date+.swift in Sources */ = {isa = PBXBuildFile; fileRef = A79121682954FB600044E652 /* Date+.swift */; };
		A79121712955E2310044E652 /* MockData.swift in Sources */ = {isa = PBXBuildFile; fileRef = A79121702955E2310044E652 /* MockData.swift */; };
		A79121752955F1180044E652 /* ChallengeCellView.swift in Sources */ = {isa = PBXBuildFile; fileRef = A79121742955F1180044E652 /* ChallengeCellView.swift */; };
		A79121792955FBCE0044E652 /* CustomColor.swift in Sources */ = {isa = PBXBuildFile; fileRef = A79121782955FBCE0044E652 /* CustomColor.swift */; };
		A791217D2956037B0044E652 /* ChallengeCell.swift in Sources */ = {isa = PBXBuildFile; fileRef = A791217C2956037B0044E652 /* ChallengeCell.swift */; };
		A79121802956066E0044E652 /* RecordViewModel.swift in Sources */ = {isa = PBXBuildFile; fileRef = A791217F2956066E0044E652 /* RecordViewModel.swift */; };
		A791218229560B580044E652 /* RecordHeaderView.swift in Sources */ = {isa = PBXBuildFile; fileRef = A791218129560B580044E652 /* RecordHeaderView.swift */; };
		A7912186295775C00044E652 /* TodayViewModel.swift in Sources */ = {isa = PBXBuildFile; fileRef = A7912185295775C00044E652 /* TodayViewModel.swift */; };
		A7912189295775E00044E652 /* Obervable.swift in Sources */ = {isa = PBXBuildFile; fileRef = A7912188295775E00044E652 /* Obervable.swift */; };
		A7ED3EF6295C284200342CC8 /* SettingViewController.swift in Sources */ = {isa = PBXBuildFile; fileRef = A7ED3EF5295C284200342CC8 /* SettingViewController.swift */; };
		A7ED3EF8295C2FEF00342CC8 /* SettingCell.swift in Sources */ = {isa = PBXBuildFile; fileRef = A7ED3EF7295C2FEF00342CC8 /* SettingCell.swift */; };
/* End PBXBuildFile section */

/* Begin PBXContainerItemProxy section */
		A79120E8294A0A610044E652 /* PBXContainerItemProxy */ = {
			isa = PBXContainerItemProxy;
			containerPortal = A79120C6294A0A5F0044E652 /* Project object */;
			proxyType = 1;
			remoteGlobalIDString = A79120CD294A0A5F0044E652;
			remoteInfo = HRHN;
		};
		A79120F2294A0A610044E652 /* PBXContainerItemProxy */ = {
			isa = PBXContainerItemProxy;
			containerPortal = A79120C6294A0A5F0044E652 /* Project object */;
			proxyType = 1;
			remoteGlobalIDString = A79120CD294A0A5F0044E652;
			remoteInfo = HRHN;
		};
/* End PBXContainerItemProxy section */

/* Begin PBXFileReference section */
		505B95342959926A005F00C8 /* ReviewViewController.swift */ = {isa = PBXFileReference; lastKnownFileType = sourcecode.swift; path = ReviewViewController.swift; sourceTree = "<group>"; };
		505B953729599976005F00C8 /* UIViewController+.swift */ = {isa = PBXFileReference; lastKnownFileType = sourcecode.swift; path = "UIViewController+.swift"; sourceTree = "<group>"; };
		505B953A29599A24005F00C8 /* ReviewView.swift */ = {isa = PBXFileReference; lastKnownFileType = sourcecode.swift; path = ReviewView.swift; sourceTree = "<group>"; };
		507089AF295ABC2B00DD8D85 /* Color+.swift */ = {isa = PBXFileReference; lastKnownFileType = sourcecode.swift; path = "Color+.swift"; sourceTree = "<group>"; };
		507089B1295ADE1A00DD8D85 /* View+.swift */ = {isa = PBXFileReference; lastKnownFileType = sourcecode.swift; path = "View+.swift"; sourceTree = "<group>"; };
		507089B3295AE9D600DD8D85 /* ReviewViewModel.swift */ = {isa = PBXFileReference; lastKnownFileType = sourcecode.swift; path = ReviewViewModel.swift; sourceTree = "<group>"; };
		50A5FFEA295D765700710B5D /* AddViewController.swift */ = {isa = PBXFileReference; fileEncoding = 4; lastKnownFileType = sourcecode.swift; path = AddViewController.swift; sourceTree = "<group>"; };
		50BD589D29580C3E009F9556 /* UIFullWidthButton.swift */ = {isa = PBXFileReference; lastKnownFileType = sourcecode.swift; path = UIFullWidthButton.swift; sourceTree = "<group>"; };
		50BD589F29587240009F9556 /* FullWidthButton.swift */ = {isa = PBXFileReference; lastKnownFileType = sourcecode.swift; path = FullWidthButton.swift; sourceTree = "<group>"; };
		50C1BE39295C7539009A57BA /* UITextView+.swift */ = {isa = PBXFileReference; lastKnownFileType = sourcecode.swift; path = "UITextView+.swift"; sourceTree = "<group>"; };
		50C1BE3B295C87B1009A57BA /* AddViewModel.swift */ = {isa = PBXFileReference; lastKnownFileType = sourcecode.swift; path = AddViewModel.swift; sourceTree = "<group>"; };
		50DBEA092952E94400ED00FD /* Colors.xcassets */ = {isa = PBXFileReference; lastKnownFileType = folder.assetcatalog; path = Colors.xcassets; sourceTree = "<group>"; };
		50DBEA0E2952EBC300ED00FD /* UIColor+.swift */ = {isa = PBXFileReference; lastKnownFileType = sourcecode.swift; path = "UIColor+.swift"; sourceTree = "<group>"; };
		A79120CE294A0A5F0044E652 /* HRHN.app */ = {isa = PBXFileReference; explicitFileType = wrapper.application; includeInIndex = 0; path = HRHN.app; sourceTree = BUILT_PRODUCTS_DIR; };
		A79120D1294A0A5F0044E652 /* AppDelegate.swift */ = {isa = PBXFileReference; lastKnownFileType = sourcecode.swift; path = AppDelegate.swift; sourceTree = "<group>"; };
		A79120D3294A0A5F0044E652 /* SceneDelegate.swift */ = {isa = PBXFileReference; lastKnownFileType = sourcecode.swift; path = SceneDelegate.swift; sourceTree = "<group>"; };
		A79120DB294A0A5F0044E652 /* HRHN.xcdatamodel */ = {isa = PBXFileReference; lastKnownFileType = wrapper.xcdatamodel; path = HRHN.xcdatamodel; sourceTree = "<group>"; };
		A79120DD294A0A610044E652 /* Assets.xcassets */ = {isa = PBXFileReference; lastKnownFileType = folder.assetcatalog; path = Assets.xcassets; sourceTree = "<group>"; };
		A79120E0294A0A610044E652 /* Base */ = {isa = PBXFileReference; lastKnownFileType = file.storyboard; name = Base; path = Base.lproj/LaunchScreen.storyboard; sourceTree = "<group>"; };
		A79120E2294A0A610044E652 /* Info.plist */ = {isa = PBXFileReference; lastKnownFileType = text.plist.xml; path = Info.plist; sourceTree = "<group>"; };
		A79120E7294A0A610044E652 /* HRHNTests.xctest */ = {isa = PBXFileReference; explicitFileType = wrapper.cfbundle; includeInIndex = 0; path = HRHNTests.xctest; sourceTree = BUILT_PRODUCTS_DIR; };
		A79120EB294A0A610044E652 /* HRHNTests.swift */ = {isa = PBXFileReference; lastKnownFileType = sourcecode.swift; path = HRHNTests.swift; sourceTree = "<group>"; };
		A79120F1294A0A610044E652 /* HRHNUITests.xctest */ = {isa = PBXFileReference; explicitFileType = wrapper.cfbundle; includeInIndex = 0; path = HRHNUITests.xctest; sourceTree = BUILT_PRODUCTS_DIR; };
		A79120F5294A0A610044E652 /* HRHNUITests.swift */ = {isa = PBXFileReference; lastKnownFileType = sourcecode.swift; path = HRHNUITests.swift; sourceTree = "<group>"; };
		A79120F7294A0A610044E652 /* HRHNUITestsLaunchTests.swift */ = {isa = PBXFileReference; lastKnownFileType = sourcecode.swift; path = HRHNUITestsLaunchTests.swift; sourceTree = "<group>"; };
		A791210B294B190E0044E652 /* TodayViewController.swift */ = {isa = PBXFileReference; lastKnownFileType = sourcecode.swift; path = TodayViewController.swift; sourceTree = "<group>"; };
		A7912114294B1AAB0044E652 /* Challenge.swift */ = {isa = PBXFileReference; lastKnownFileType = sourcecode.swift; path = Challenge.swift; sourceTree = "<group>"; };
		A7912120294B1B440044E652 /* CoreDataManager.swift */ = {isa = PBXFileReference; lastKnownFileType = sourcecode.swift; path = CoreDataManager.swift; sourceTree = "<group>"; };
		A79121262950D12A0044E652 /* TabBarController.swift */ = {isa = PBXFileReference; lastKnownFileType = sourcecode.swift; path = TabBarController.swift; sourceTree = "<group>"; };
		A79121282950D2000044E652 /* RecordViewController.swift */ = {isa = PBXFileReference; lastKnownFileType = sourcecode.swift; path = RecordViewController.swift; sourceTree = "<group>"; };
		A791212A2950D5A20044E652 /* UIView+.swift */ = {isa = PBXFileReference; lastKnownFileType = sourcecode.swift; path = "UIView+.swift"; sourceTree = "<group>"; };
		A791212C2950D5B00044E652 /* UIStackView+.swift */ = {isa = PBXFileReference; lastKnownFileType = sourcecode.swift; path = "UIStackView+.swift"; sourceTree = "<group>"; };
		A791214A295227230044E652 /* DeviceManager.swift */ = {isa = PBXFileReference; lastKnownFileType = sourcecode.swift; path = DeviceManager.swift; sourceTree = "<group>"; };
		A791214C295228200044E652 /* CGFloat+.swift */ = {isa = PBXFileReference; lastKnownFileType = sourcecode.swift; path = "CGFloat+.swift"; sourceTree = "<group>"; };
		A791214E295228530044E652 /* Double+.swift */ = {isa = PBXFileReference; lastKnownFileType = sourcecode.swift; path = "Double+.swift"; sourceTree = "<group>"; };
		A79121602954C2D60044E652 /* ChallengeMO+CoreDataClass.swift */ = {isa = PBXFileReference; lastKnownFileType = sourcecode.swift; path = "ChallengeMO+CoreDataClass.swift"; sourceTree = "<group>"; };
		A79121612954C2D60044E652 /* ChallengeMO+CoreDataProperties.swift */ = {isa = PBXFileReference; lastKnownFileType = sourcecode.swift; path = "ChallengeMO+CoreDataProperties.swift"; sourceTree = "<group>"; };
		A79121682954FB600044E652 /* Date+.swift */ = {isa = PBXFileReference; lastKnownFileType = sourcecode.swift; path = "Date+.swift"; sourceTree = "<group>"; };
		A79121702955E2310044E652 /* MockData.swift */ = {isa = PBXFileReference; lastKnownFileType = sourcecode.swift; path = MockData.swift; sourceTree = "<group>"; };
		A79121742955F1180044E652 /* ChallengeCellView.swift */ = {isa = PBXFileReference; lastKnownFileType = sourcecode.swift; path = ChallengeCellView.swift; sourceTree = "<group>"; };
		A79121782955FBCE0044E652 /* CustomColor.swift */ = {isa = PBXFileReference; fileEncoding = 4; lastKnownFileType = sourcecode.swift; path = CustomColor.swift; sourceTree = "<group>"; };
		A791217C2956037B0044E652 /* ChallengeCell.swift */ = {isa = PBXFileReference; lastKnownFileType = sourcecode.swift; path = ChallengeCell.swift; sourceTree = "<group>"; };
		A791217F2956066E0044E652 /* RecordViewModel.swift */ = {isa = PBXFileReference; lastKnownFileType = sourcecode.swift; path = RecordViewModel.swift; sourceTree = "<group>"; };
		A791218129560B580044E652 /* RecordHeaderView.swift */ = {isa = PBXFileReference; lastKnownFileType = sourcecode.swift; path = RecordHeaderView.swift; sourceTree = "<group>"; };
		A7912185295775C00044E652 /* TodayViewModel.swift */ = {isa = PBXFileReference; lastKnownFileType = sourcecode.swift; path = TodayViewModel.swift; sourceTree = "<group>"; };
		A7912188295775E00044E652 /* Obervable.swift */ = {isa = PBXFileReference; lastKnownFileType = sourcecode.swift; path = Obervable.swift; sourceTree = "<group>"; };
		A7ED3EF5295C284200342CC8 /* SettingViewController.swift */ = {isa = PBXFileReference; lastKnownFileType = sourcecode.swift; path = SettingViewController.swift; sourceTree = "<group>"; };
		A7ED3EF7295C2FEF00342CC8 /* SettingCell.swift */ = {isa = PBXFileReference; lastKnownFileType = sourcecode.swift; path = SettingCell.swift; sourceTree = "<group>"; };
/* End PBXFileReference section */

/* Begin PBXFrameworksBuildPhase section */
		A79120CB294A0A5F0044E652 /* Frameworks */ = {
			isa = PBXFrameworksBuildPhase;
			buildActionMask = 2147483647;
			files = (
				A7912106294B0C3F0044E652 /* SnapKit in Frameworks */,
				A79121482952259A0044E652 /* DeviceKit in Frameworks */,
			);
			runOnlyForDeploymentPostprocessing = 0;
		};
		A79120E4294A0A610044E652 /* Frameworks */ = {
			isa = PBXFrameworksBuildPhase;
			buildActionMask = 2147483647;
			files = (
			);
			runOnlyForDeploymentPostprocessing = 0;
		};
		A79120EE294A0A610044E652 /* Frameworks */ = {
			isa = PBXFrameworksBuildPhase;
			buildActionMask = 2147483647;
			files = (
			);
			runOnlyForDeploymentPostprocessing = 0;
		};
/* End PBXFrameworksBuildPhase section */

/* Begin PBXGroup section */
		505B9539295999EA005F00C8 /* SwiftUIView */ = {
			isa = PBXGroup;
			children = (
				505B953A29599A24005F00C8 /* ReviewView.swift */,
			);
			path = SwiftUIView;
			sourceTree = "<group>";
		};
		50BD589C29580C35009F9556 /* Component */ = {
			isa = PBXGroup;
			children = (
				50BD589D29580C3E009F9556 /* UIFullWidthButton.swift */,
				50BD589F29587240009F9556 /* FullWidthButton.swift */,
			);
			path = Component;
			sourceTree = "<group>";
		};
		50DBEA0B2952EB3B00ED00FD /* Color */ = {
			isa = PBXGroup;
			children = (
				A79121782955FBCE0044E652 /* CustomColor.swift */,
				50DBEA0E2952EBC300ED00FD /* UIColor+.swift */,
				507089AF295ABC2B00DD8D85 /* Color+.swift */,
			);
			path = Color;
			sourceTree = "<group>";
		};
		A79120C5294A0A5F0044E652 = {
			isa = PBXGroup;
			children = (
				A79120D0294A0A5F0044E652 /* HRHN */,
				A79120EA294A0A610044E652 /* HRHNTests */,
				A79120F4294A0A610044E652 /* HRHNUITests */,
				A79120CF294A0A5F0044E652 /* Products */,
			);
			sourceTree = "<group>";
		};
		A79120CF294A0A5F0044E652 /* Products */ = {
			isa = PBXGroup;
			children = (
				A79120CE294A0A5F0044E652 /* HRHN.app */,
				A79120E7294A0A610044E652 /* HRHNTests.xctest */,
				A79120F1294A0A610044E652 /* HRHNUITests.xctest */,
			);
			name = Products;
			sourceTree = "<group>";
		};
		A79120D0294A0A5F0044E652 /* HRHN */ = {
			isa = PBXGroup;
			children = (
				A7912187295775D50044E652 /* Helper */,
				A7912149295227140044E652 /* Managers */,
				A791210F294B1A3A0044E652 /* Extension */,
				A7912111294B1A590044E652 /* Model */,
				A7912184295775B20044E652 /* ViewModel */,
				A791210D294B1A230044E652 /* View */,
				50DBEA0B2952EB3B00ED00FD /* Color */,
				A79120D1294A0A5F0044E652 /* AppDelegate.swift */,
				A79120D3294A0A5F0044E652 /* SceneDelegate.swift */,
				A79120DD294A0A610044E652 /* Assets.xcassets */,
				50DBEA092952E94400ED00FD /* Colors.xcassets */,
				A79120DF294A0A610044E652 /* LaunchScreen.storyboard */,
				A79120E2294A0A610044E652 /* Info.plist */,
			);
			path = HRHN;
			sourceTree = "<group>";
		};
		A79120EA294A0A610044E652 /* HRHNTests */ = {
			isa = PBXGroup;
			children = (
				A79120EB294A0A610044E652 /* HRHNTests.swift */,
			);
			path = HRHNTests;
			sourceTree = "<group>";
		};
		A79120F4294A0A610044E652 /* HRHNUITests */ = {
			isa = PBXGroup;
			children = (
				A79120F5294A0A610044E652 /* HRHNUITests.swift */,
				A79120F7294A0A610044E652 /* HRHNUITestsLaunchTests.swift */,
			);
			path = HRHNUITests;
			sourceTree = "<group>";
		};
		A791210D294B1A230044E652 /* View */ = {
			isa = PBXGroup;
			children = (
				A7912123294C40160044E652 /* UI */,
				A7912122294C40100044E652 /* VC */,
			);
			path = View;
			sourceTree = "<group>";
		};
		A791210F294B1A3A0044E652 /* Extension */ = {
			isa = PBXGroup;
			children = (
				A791212A2950D5A20044E652 /* UIView+.swift */,
				A791212C2950D5B00044E652 /* UIStackView+.swift */,
				A791214C295228200044E652 /* CGFloat+.swift */,
				A791214E295228530044E652 /* Double+.swift */,
				A79121682954FB600044E652 /* Date+.swift */,
				505B953729599976005F00C8 /* UIViewController+.swift */,
				507089B1295ADE1A00DD8D85 /* View+.swift */,
				50C1BE39295C7539009A57BA /* UITextView+.swift */,
			);
			path = Extension;
			sourceTree = "<group>";
		};
		A7912111294B1A590044E652 /* Model */ = {
			isa = PBXGroup;
			children = (
				A7912112294B1A670044E652 /* CoreData */,
				A7912114294B1AAB0044E652 /* Challenge.swift */,
				A79121702955E2310044E652 /* MockData.swift */,
			);
			path = Model;
			sourceTree = "<group>";
		};
		A7912112294B1A670044E652 /* CoreData */ = {
			isa = PBXGroup;
			children = (
				A79120DA294A0A5F0044E652 /* HRHN.xcdatamodeld */,
				A79121602954C2D60044E652 /* ChallengeMO+CoreDataClass.swift */,
				A79121612954C2D60044E652 /* ChallengeMO+CoreDataProperties.swift */,
			);
			path = CoreData;
			sourceTree = "<group>";
		};
		A7912122294C40100044E652 /* VC */ = {
			isa = PBXGroup;
			children = (
				A79121262950D12A0044E652 /* TabBarController.swift */,
				A791210B294B190E0044E652 /* TodayViewController.swift */,
				A79121282950D2000044E652 /* RecordViewController.swift */,
				505B95342959926A005F00C8 /* ReviewViewController.swift */,
				A7ED3EF5295C284200342CC8 /* SettingViewController.swift */,
				50A5FFEA295D765700710B5D /* AddViewController.swift */,
			);
			path = VC;
			sourceTree = "<group>";
		};
		A7912123294C40160044E652 /* UI */ = {
			isa = PBXGroup;
			children = (
				A7912183295611860044E652 /* Cell */,
				50BD589C29580C35009F9556 /* Component */,
				505B9539295999EA005F00C8 /* SwiftUIView */,
			);
			path = UI;
			sourceTree = "<group>";
		};
		A7912149295227140044E652 /* Managers */ = {
			isa = PBXGroup;
			children = (
				A7912120294B1B440044E652 /* CoreDataManager.swift */,
				A791214A295227230044E652 /* DeviceManager.swift */,
			);
			path = Managers;
			sourceTree = "<group>";
		};
		A7912183295611860044E652 /* Cell */ = {
			isa = PBXGroup;
			children = (
				A7ED3EF7295C2FEF00342CC8 /* SettingCell.swift */,
				A79121742955F1180044E652 /* ChallengeCellView.swift */,
				A791217C2956037B0044E652 /* ChallengeCell.swift */,
				A791218129560B580044E652 /* RecordHeaderView.swift */,
			);
			path = Cell;
			sourceTree = "<group>";
		};
		A7912184295775B20044E652 /* ViewModel */ = {
			isa = PBXGroup;
			children = (
				A7912185295775C00044E652 /* TodayViewModel.swift */,
				A791217F2956066E0044E652 /* RecordViewModel.swift */,
				507089B3295AE9D600DD8D85 /* ReviewViewModel.swift */,
				50C1BE3B295C87B1009A57BA /* AddViewModel.swift */,
			);
			path = ViewModel;
			sourceTree = "<group>";
		};
		A7912187295775D50044E652 /* Helper */ = {
			isa = PBXGroup;
			children = (
				A7912188295775E00044E652 /* Obervable.swift */,
			);
			path = Helper;
			sourceTree = "<group>";
		};
/* End PBXGroup section */

/* Begin PBXNativeTarget section */
		A79120CD294A0A5F0044E652 /* HRHN */ = {
			isa = PBXNativeTarget;
			buildConfigurationList = A79120FB294A0A610044E652 /* Build configuration list for PBXNativeTarget "HRHN" */;
			buildPhases = (
				A79120CA294A0A5F0044E652 /* Sources */,
				A79120CB294A0A5F0044E652 /* Frameworks */,
				A79120CC294A0A5F0044E652 /* Resources */,
			);
			buildRules = (
			);
			dependencies = (
			);
			name = HRHN;
			packageProductDependencies = (
				A7912105294B0C3F0044E652 /* SnapKit */,
				A79121472952259A0044E652 /* DeviceKit */,
			);
			productName = HRHN;
			productReference = A79120CE294A0A5F0044E652 /* HRHN.app */;
			productType = "com.apple.product-type.application";
		};
		A79120E6294A0A610044E652 /* HRHNTests */ = {
			isa = PBXNativeTarget;
			buildConfigurationList = A79120FE294A0A610044E652 /* Build configuration list for PBXNativeTarget "HRHNTests" */;
			buildPhases = (
				A79120E3294A0A610044E652 /* Sources */,
				A79120E4294A0A610044E652 /* Frameworks */,
				A79120E5294A0A610044E652 /* Resources */,
			);
			buildRules = (
			);
			dependencies = (
				A79120E9294A0A610044E652 /* PBXTargetDependency */,
			);
			name = HRHNTests;
			productName = HRHNTests;
			productReference = A79120E7294A0A610044E652 /* HRHNTests.xctest */;
			productType = "com.apple.product-type.bundle.unit-test";
		};
		A79120F0294A0A610044E652 /* HRHNUITests */ = {
			isa = PBXNativeTarget;
			buildConfigurationList = A7912101294A0A610044E652 /* Build configuration list for PBXNativeTarget "HRHNUITests" */;
			buildPhases = (
				A79120ED294A0A610044E652 /* Sources */,
				A79120EE294A0A610044E652 /* Frameworks */,
				A79120EF294A0A610044E652 /* Resources */,
			);
			buildRules = (
			);
			dependencies = (
				A79120F3294A0A610044E652 /* PBXTargetDependency */,
			);
			name = HRHNUITests;
			productName = HRHNUITests;
			productReference = A79120F1294A0A610044E652 /* HRHNUITests.xctest */;
			productType = "com.apple.product-type.bundle.ui-testing";
		};
/* End PBXNativeTarget section */

/* Begin PBXProject section */
		A79120C6294A0A5F0044E652 /* Project object */ = {
			isa = PBXProject;
			attributes = {
				BuildIndependentTargetsInParallel = 1;
				LastSwiftUpdateCheck = 1400;
				LastUpgradeCheck = 1400;
				TargetAttributes = {
					A79120CD294A0A5F0044E652 = {
						CreatedOnToolsVersion = 14.0;
					};
					A79120E6294A0A610044E652 = {
						CreatedOnToolsVersion = 14.0;
						TestTargetID = A79120CD294A0A5F0044E652;
					};
					A79120F0294A0A610044E652 = {
						CreatedOnToolsVersion = 14.0;
						TestTargetID = A79120CD294A0A5F0044E652;
					};
				};
			};
			buildConfigurationList = A79120C9294A0A5F0044E652 /* Build configuration list for PBXProject "HRHN" */;
			compatibilityVersion = "Xcode 14.0";
			developmentRegion = en;
			hasScannedForEncodings = 0;
			knownRegions = (
				en,
				Base,
			);
			mainGroup = A79120C5294A0A5F0044E652;
			packageReferences = (
				A7912104294B0C3F0044E652 /* XCRemoteSwiftPackageReference "SnapKit" */,
				A79121462952259A0044E652 /* XCRemoteSwiftPackageReference "DeviceKit" */,
			);
			productRefGroup = A79120CF294A0A5F0044E652 /* Products */;
			projectDirPath = "";
			projectRoot = "";
			targets = (
				A79120CD294A0A5F0044E652 /* HRHN */,
				A79120E6294A0A610044E652 /* HRHNTests */,
				A79120F0294A0A610044E652 /* HRHNUITests */,
			);
		};
/* End PBXProject section */

/* Begin PBXResourcesBuildPhase section */
		A79120CC294A0A5F0044E652 /* Resources */ = {
			isa = PBXResourcesBuildPhase;
			buildActionMask = 2147483647;
			files = (
				50DBEA0A2952E94400ED00FD /* Colors.xcassets in Resources */,
				A79120E1294A0A610044E652 /* LaunchScreen.storyboard in Resources */,
				A79120DE294A0A610044E652 /* Assets.xcassets in Resources */,
			);
			runOnlyForDeploymentPostprocessing = 0;
		};
		A79120E5294A0A610044E652 /* Resources */ = {
			isa = PBXResourcesBuildPhase;
			buildActionMask = 2147483647;
			files = (
			);
			runOnlyForDeploymentPostprocessing = 0;
		};
		A79120EF294A0A610044E652 /* Resources */ = {
			isa = PBXResourcesBuildPhase;
			buildActionMask = 2147483647;
			files = (
			);
			runOnlyForDeploymentPostprocessing = 0;
		};
/* End PBXResourcesBuildPhase section */

/* Begin PBXSourcesBuildPhase section */
		A79120CA294A0A5F0044E652 /* Sources */ = {
			isa = PBXSourcesBuildPhase;
			buildActionMask = 2147483647;
			files = (
				A7ED3EF8295C2FEF00342CC8 /* SettingCell.swift in Sources */,
				A791214D295228200044E652 /* CGFloat+.swift in Sources */,
				A79121622954C2D60044E652 /* ChallengeMO+CoreDataClass.swift in Sources */,
				505B953829599976005F00C8 /* UIViewController+.swift in Sources */,
				A79121792955FBCE0044E652 /* CustomColor.swift in Sources */,
				A791210C294B190E0044E652 /* TodayViewController.swift in Sources */,
				A7ED3EF6295C284200342CC8 /* SettingViewController.swift in Sources */,
				A79121272950D12A0044E652 /* TabBarController.swift in Sources */,
				50A5FFEB295D765700710B5D /* AddViewController.swift in Sources */,
				50C1BE3C295C87B1009A57BA /* AddViewModel.swift in Sources */,
				A79121632954C2D60044E652 /* ChallengeMO+CoreDataProperties.swift in Sources */,
				A79121292950D2000044E652 /* RecordViewController.swift in Sources */,
				A7912115294B1AAB0044E652 /* Challenge.swift in Sources */,
				A79120DC294A0A5F0044E652 /* HRHN.xcdatamodeld in Sources */,
				505B953B29599A24005F00C8 /* ReviewView.swift in Sources */,
				A79121712955E2310044E652 /* MockData.swift in Sources */,
				507089B2295ADE1A00DD8D85 /* View+.swift in Sources */,
				507089B0295ABC2B00DD8D85 /* Color+.swift in Sources */,
				A791214B295227230044E652 /* DeviceManager.swift in Sources */,
				A79120D2294A0A5F0044E652 /* AppDelegate.swift in Sources */,
				50BD58A029587240009F9556 /* FullWidthButton.swift in Sources */,
				50BD589E29580C3E009F9556 /* UIFullWidthButton.swift in Sources */,
				A791218229560B580044E652 /* RecordHeaderView.swift in Sources */,
				507089B4295AE9D600DD8D85 /* ReviewViewModel.swift in Sources */,
				A79121802956066E0044E652 /* RecordViewModel.swift in Sources */,
				A7912186295775C00044E652 /* TodayViewModel.swift in Sources */,
				A79121752955F1180044E652 /* ChallengeCellView.swift in Sources */,
				A79121692954FB600044E652 /* Date+.swift in Sources */,
				A791212B2950D5A20044E652 /* UIView+.swift in Sources */,
				A7912189295775E00044E652 /* Obervable.swift in Sources */,
				A791212D2950D5B00044E652 /* UIStackView+.swift in Sources */,
				A7912121294B1B440044E652 /* CoreDataManager.swift in Sources */,
				A791214F295228530044E652 /* Double+.swift in Sources */,
				50C1BE3A295C7539009A57BA /* UITextView+.swift in Sources */,
				A791217D2956037B0044E652 /* ChallengeCell.swift in Sources */,
				A79120D4294A0A5F0044E652 /* SceneDelegate.swift in Sources */,
				50DBEA0F2952EBC300ED00FD /* UIColor+.swift in Sources */,
				505B95352959926A005F00C8 /* ReviewViewController.swift in Sources */,
			);
			runOnlyForDeploymentPostprocessing = 0;
		};
		A79120E3294A0A610044E652 /* Sources */ = {
			isa = PBXSourcesBuildPhase;
			buildActionMask = 2147483647;
			files = (
				A79120EC294A0A610044E652 /* HRHNTests.swift in Sources */,
			);
			runOnlyForDeploymentPostprocessing = 0;
		};
		A79120ED294A0A610044E652 /* Sources */ = {
			isa = PBXSourcesBuildPhase;
			buildActionMask = 2147483647;
			files = (
				A79120F8294A0A610044E652 /* HRHNUITestsLaunchTests.swift in Sources */,
				A79120F6294A0A610044E652 /* HRHNUITests.swift in Sources */,
			);
			runOnlyForDeploymentPostprocessing = 0;
		};
/* End PBXSourcesBuildPhase section */

/* Begin PBXTargetDependency section */
		A79120E9294A0A610044E652 /* PBXTargetDependency */ = {
			isa = PBXTargetDependency;
			target = A79120CD294A0A5F0044E652 /* HRHN */;
			targetProxy = A79120E8294A0A610044E652 /* PBXContainerItemProxy */;
		};
		A79120F3294A0A610044E652 /* PBXTargetDependency */ = {
			isa = PBXTargetDependency;
			target = A79120CD294A0A5F0044E652 /* HRHN */;
			targetProxy = A79120F2294A0A610044E652 /* PBXContainerItemProxy */;
		};
/* End PBXTargetDependency section */

/* Begin PBXVariantGroup section */
		A79120DF294A0A610044E652 /* LaunchScreen.storyboard */ = {
			isa = PBXVariantGroup;
			children = (
				A79120E0294A0A610044E652 /* Base */,
			);
			name = LaunchScreen.storyboard;
			sourceTree = "<group>";
		};
/* End PBXVariantGroup section */

/* Begin XCBuildConfiguration section */
		A79120F9294A0A610044E652 /* Debug */ = {
			isa = XCBuildConfiguration;
			buildSettings = {
				ALWAYS_SEARCH_USER_PATHS = NO;
				CLANG_ANALYZER_NONNULL = YES;
				CLANG_ANALYZER_NUMBER_OBJECT_CONVERSION = YES_AGGRESSIVE;
				CLANG_CXX_LANGUAGE_STANDARD = "gnu++20";
				CLANG_ENABLE_MODULES = YES;
				CLANG_ENABLE_OBJC_ARC = YES;
				CLANG_ENABLE_OBJC_WEAK = YES;
				CLANG_WARN_BLOCK_CAPTURE_AUTORELEASING = YES;
				CLANG_WARN_BOOL_CONVERSION = YES;
				CLANG_WARN_COMMA = YES;
				CLANG_WARN_CONSTANT_CONVERSION = YES;
				CLANG_WARN_DEPRECATED_OBJC_IMPLEMENTATIONS = YES;
				CLANG_WARN_DIRECT_OBJC_ISA_USAGE = YES_ERROR;
				CLANG_WARN_DOCUMENTATION_COMMENTS = YES;
				CLANG_WARN_EMPTY_BODY = YES;
				CLANG_WARN_ENUM_CONVERSION = YES;
				CLANG_WARN_INFINITE_RECURSION = YES;
				CLANG_WARN_INT_CONVERSION = YES;
				CLANG_WARN_NON_LITERAL_NULL_CONVERSION = YES;
				CLANG_WARN_OBJC_IMPLICIT_RETAIN_SELF = YES;
				CLANG_WARN_OBJC_LITERAL_CONVERSION = YES;
				CLANG_WARN_OBJC_ROOT_CLASS = YES_ERROR;
				CLANG_WARN_QUOTED_INCLUDE_IN_FRAMEWORK_HEADER = YES;
				CLANG_WARN_RANGE_LOOP_ANALYSIS = YES;
				CLANG_WARN_STRICT_PROTOTYPES = YES;
				CLANG_WARN_SUSPICIOUS_MOVE = YES;
				CLANG_WARN_UNGUARDED_AVAILABILITY = YES_AGGRESSIVE;
				CLANG_WARN_UNREACHABLE_CODE = YES;
				CLANG_WARN__DUPLICATE_METHOD_MATCH = YES;
				COPY_PHASE_STRIP = NO;
				DEBUG_INFORMATION_FORMAT = dwarf;
				ENABLE_STRICT_OBJC_MSGSEND = YES;
				ENABLE_TESTABILITY = YES;
				GCC_C_LANGUAGE_STANDARD = gnu11;
				GCC_DYNAMIC_NO_PIC = NO;
				GCC_NO_COMMON_BLOCKS = YES;
				GCC_OPTIMIZATION_LEVEL = 0;
				GCC_PREPROCESSOR_DEFINITIONS = (
					"DEBUG=1",
					"$(inherited)",
				);
				GCC_WARN_64_TO_32_BIT_CONVERSION = YES;
				GCC_WARN_ABOUT_RETURN_TYPE = YES_ERROR;
				GCC_WARN_UNDECLARED_SELECTOR = YES;
				GCC_WARN_UNINITIALIZED_AUTOS = YES_AGGRESSIVE;
				GCC_WARN_UNUSED_FUNCTION = YES;
				GCC_WARN_UNUSED_VARIABLE = YES;
				IPHONEOS_DEPLOYMENT_TARGET = 16.0;
				MTL_ENABLE_DEBUG_INFO = INCLUDE_SOURCE;
				MTL_FAST_MATH = YES;
				ONLY_ACTIVE_ARCH = YES;
				SDKROOT = iphoneos;
				SWIFT_ACTIVE_COMPILATION_CONDITIONS = DEBUG;
				SWIFT_OPTIMIZATION_LEVEL = "-Onone";
			};
			name = Debug;
		};
		A79120FA294A0A610044E652 /* Release */ = {
			isa = XCBuildConfiguration;
			buildSettings = {
				ALWAYS_SEARCH_USER_PATHS = NO;
				CLANG_ANALYZER_NONNULL = YES;
				CLANG_ANALYZER_NUMBER_OBJECT_CONVERSION = YES_AGGRESSIVE;
				CLANG_CXX_LANGUAGE_STANDARD = "gnu++20";
				CLANG_ENABLE_MODULES = YES;
				CLANG_ENABLE_OBJC_ARC = YES;
				CLANG_ENABLE_OBJC_WEAK = YES;
				CLANG_WARN_BLOCK_CAPTURE_AUTORELEASING = YES;
				CLANG_WARN_BOOL_CONVERSION = YES;
				CLANG_WARN_COMMA = YES;
				CLANG_WARN_CONSTANT_CONVERSION = YES;
				CLANG_WARN_DEPRECATED_OBJC_IMPLEMENTATIONS = YES;
				CLANG_WARN_DIRECT_OBJC_ISA_USAGE = YES_ERROR;
				CLANG_WARN_DOCUMENTATION_COMMENTS = YES;
				CLANG_WARN_EMPTY_BODY = YES;
				CLANG_WARN_ENUM_CONVERSION = YES;
				CLANG_WARN_INFINITE_RECURSION = YES;
				CLANG_WARN_INT_CONVERSION = YES;
				CLANG_WARN_NON_LITERAL_NULL_CONVERSION = YES;
				CLANG_WARN_OBJC_IMPLICIT_RETAIN_SELF = YES;
				CLANG_WARN_OBJC_LITERAL_CONVERSION = YES;
				CLANG_WARN_OBJC_ROOT_CLASS = YES_ERROR;
				CLANG_WARN_QUOTED_INCLUDE_IN_FRAMEWORK_HEADER = YES;
				CLANG_WARN_RANGE_LOOP_ANALYSIS = YES;
				CLANG_WARN_STRICT_PROTOTYPES = YES;
				CLANG_WARN_SUSPICIOUS_MOVE = YES;
				CLANG_WARN_UNGUARDED_AVAILABILITY = YES_AGGRESSIVE;
				CLANG_WARN_UNREACHABLE_CODE = YES;
				CLANG_WARN__DUPLICATE_METHOD_MATCH = YES;
				COPY_PHASE_STRIP = NO;
				DEBUG_INFORMATION_FORMAT = "dwarf-with-dsym";
				ENABLE_NS_ASSERTIONS = NO;
				ENABLE_STRICT_OBJC_MSGSEND = YES;
				GCC_C_LANGUAGE_STANDARD = gnu11;
				GCC_NO_COMMON_BLOCKS = YES;
				GCC_WARN_64_TO_32_BIT_CONVERSION = YES;
				GCC_WARN_ABOUT_RETURN_TYPE = YES_ERROR;
				GCC_WARN_UNDECLARED_SELECTOR = YES;
				GCC_WARN_UNINITIALIZED_AUTOS = YES_AGGRESSIVE;
				GCC_WARN_UNUSED_FUNCTION = YES;
				GCC_WARN_UNUSED_VARIABLE = YES;
				IPHONEOS_DEPLOYMENT_TARGET = 16.0;
				MTL_ENABLE_DEBUG_INFO = NO;
				MTL_FAST_MATH = YES;
				SDKROOT = iphoneos;
				SWIFT_COMPILATION_MODE = wholemodule;
				SWIFT_OPTIMIZATION_LEVEL = "-O";
				VALIDATE_PRODUCT = YES;
			};
			name = Release;
		};
		A79120FC294A0A610044E652 /* Debug */ = {
			isa = XCBuildConfiguration;
			buildSettings = {
				ASSETCATALOG_COMPILER_APPICON_NAME = AppIcon;
				ASSETCATALOG_COMPILER_GLOBAL_ACCENT_COLOR_NAME = AccentColor;
				CODE_SIGN_STYLE = Automatic;
				CURRENT_PROJECT_VERSION = 1;
				DEVELOPMENT_TEAM = 562Z37RH3N;
				GENERATE_INFOPLIST_FILE = YES;
				INFOPLIST_FILE = HRHN/Info.plist;
				INFOPLIST_KEY_UIApplicationSupportsIndirectInputEvents = YES;
				INFOPLIST_KEY_UILaunchStoryboardName = LaunchScreen;
				INFOPLIST_KEY_UIMainStoryboardFile = "";
				INFOPLIST_KEY_UISupportedInterfaceOrientations_iPad = "UIInterfaceOrientationPortrait UIInterfaceOrientationPortraitUpsideDown UIInterfaceOrientationLandscapeLeft UIInterfaceOrientationLandscapeRight";
				INFOPLIST_KEY_UISupportedInterfaceOrientations_iPhone = "UIInterfaceOrientationPortrait UIInterfaceOrientationLandscapeLeft UIInterfaceOrientationLandscapeRight";
				LD_RUNPATH_SEARCH_PATHS = (
					"$(inherited)",
					"@executable_path/Frameworks",
				);
				MARKETING_VERSION = 1.0;
				PRODUCT_BUNDLE_IDENTIFIER = com.chanheejeong.HRHN;
				PRODUCT_NAME = "$(TARGET_NAME)";
				SWIFT_EMIT_LOC_STRINGS = YES;
				SWIFT_VERSION = 5.0;
				TARGETED_DEVICE_FAMILY = "1,2";
			};
			name = Debug;
		};
		A79120FD294A0A610044E652 /* Release */ = {
			isa = XCBuildConfiguration;
			buildSettings = {
				ASSETCATALOG_COMPILER_APPICON_NAME = AppIcon;
				ASSETCATALOG_COMPILER_GLOBAL_ACCENT_COLOR_NAME = AccentColor;
				CODE_SIGN_STYLE = Automatic;
				CURRENT_PROJECT_VERSION = 1;
				DEVELOPMENT_TEAM = 562Z37RH3N;
				GENERATE_INFOPLIST_FILE = YES;
				INFOPLIST_FILE = HRHN/Info.plist;
				INFOPLIST_KEY_UIApplicationSupportsIndirectInputEvents = YES;
				INFOPLIST_KEY_UILaunchStoryboardName = LaunchScreen;
				INFOPLIST_KEY_UIMainStoryboardFile = "";
				INFOPLIST_KEY_UISupportedInterfaceOrientations_iPad = "UIInterfaceOrientationPortrait UIInterfaceOrientationPortraitUpsideDown UIInterfaceOrientationLandscapeLeft UIInterfaceOrientationLandscapeRight";
				INFOPLIST_KEY_UISupportedInterfaceOrientations_iPhone = "UIInterfaceOrientationPortrait UIInterfaceOrientationLandscapeLeft UIInterfaceOrientationLandscapeRight";
				LD_RUNPATH_SEARCH_PATHS = (
					"$(inherited)",
					"@executable_path/Frameworks",
				);
				MARKETING_VERSION = 1.0;
				PRODUCT_BUNDLE_IDENTIFIER = com.chanheejeong.HRHN;
				PRODUCT_NAME = "$(TARGET_NAME)";
				SWIFT_EMIT_LOC_STRINGS = YES;
				SWIFT_VERSION = 5.0;
				TARGETED_DEVICE_FAMILY = "1,2";
			};
			name = Release;
		};
		A79120FF294A0A610044E652 /* Debug */ = {
			isa = XCBuildConfiguration;
			buildSettings = {
				ALWAYS_EMBED_SWIFT_STANDARD_LIBRARIES = YES;
				BUNDLE_LOADER = "$(TEST_HOST)";
				CODE_SIGN_STYLE = Automatic;
				CURRENT_PROJECT_VERSION = 1;
				DEVELOPMENT_TEAM = 562Z37RH3N;
				GENERATE_INFOPLIST_FILE = YES;
				IPHONEOS_DEPLOYMENT_TARGET = 16.0;
				MARKETING_VERSION = 1.0;
				PRODUCT_BUNDLE_IDENTIFIER = com.chanheejeong.HRHNTests;
				PRODUCT_NAME = "$(TARGET_NAME)";
				SWIFT_EMIT_LOC_STRINGS = NO;
				SWIFT_VERSION = 5.0;
				TARGETED_DEVICE_FAMILY = "1,2";
				TEST_HOST = "$(BUILT_PRODUCTS_DIR)/HRHN.app/$(BUNDLE_EXECUTABLE_FOLDER_PATH)/HRHN";
			};
			name = Debug;
		};
		A7912100294A0A610044E652 /* Release */ = {
			isa = XCBuildConfiguration;
			buildSettings = {
				ALWAYS_EMBED_SWIFT_STANDARD_LIBRARIES = YES;
				BUNDLE_LOADER = "$(TEST_HOST)";
				CODE_SIGN_STYLE = Automatic;
				CURRENT_PROJECT_VERSION = 1;
				DEVELOPMENT_TEAM = 562Z37RH3N;
				GENERATE_INFOPLIST_FILE = YES;
				IPHONEOS_DEPLOYMENT_TARGET = 16.0;
				MARKETING_VERSION = 1.0;
				PRODUCT_BUNDLE_IDENTIFIER = com.chanheejeong.HRHNTests;
				PRODUCT_NAME = "$(TARGET_NAME)";
				SWIFT_EMIT_LOC_STRINGS = NO;
				SWIFT_VERSION = 5.0;
				TARGETED_DEVICE_FAMILY = "1,2";
				TEST_HOST = "$(BUILT_PRODUCTS_DIR)/HRHN.app/$(BUNDLE_EXECUTABLE_FOLDER_PATH)/HRHN";
			};
			name = Release;
		};
		A7912102294A0A610044E652 /* Debug */ = {
			isa = XCBuildConfiguration;
			buildSettings = {
				ALWAYS_EMBED_SWIFT_STANDARD_LIBRARIES = YES;
				CODE_SIGN_STYLE = Automatic;
				CURRENT_PROJECT_VERSION = 1;
				DEVELOPMENT_TEAM = 562Z37RH3N;
				GENERATE_INFOPLIST_FILE = YES;
				MARKETING_VERSION = 1.0;
				PRODUCT_BUNDLE_IDENTIFIER = com.chanheejeong.HRHNUITests;
				PRODUCT_NAME = "$(TARGET_NAME)";
				SWIFT_EMIT_LOC_STRINGS = NO;
				SWIFT_VERSION = 5.0;
				TARGETED_DEVICE_FAMILY = "1,2";
				TEST_TARGET_NAME = HRHN;
			};
			name = Debug;
		};
		A7912103294A0A610044E652 /* Release */ = {
			isa = XCBuildConfiguration;
			buildSettings = {
				ALWAYS_EMBED_SWIFT_STANDARD_LIBRARIES = YES;
				CODE_SIGN_STYLE = Automatic;
				CURRENT_PROJECT_VERSION = 1;
				DEVELOPMENT_TEAM = 562Z37RH3N;
				GENERATE_INFOPLIST_FILE = YES;
				MARKETING_VERSION = 1.0;
				PRODUCT_BUNDLE_IDENTIFIER = com.chanheejeong.HRHNUITests;
				PRODUCT_NAME = "$(TARGET_NAME)";
				SWIFT_EMIT_LOC_STRINGS = NO;
				SWIFT_VERSION = 5.0;
				TARGETED_DEVICE_FAMILY = "1,2";
				TEST_TARGET_NAME = HRHN;
			};
			name = Release;
		};
/* End XCBuildConfiguration section */

/* Begin XCConfigurationList section */
		A79120C9294A0A5F0044E652 /* Build configuration list for PBXProject "HRHN" */ = {
			isa = XCConfigurationList;
			buildConfigurations = (
				A79120F9294A0A610044E652 /* Debug */,
				A79120FA294A0A610044E652 /* Release */,
			);
			defaultConfigurationIsVisible = 0;
			defaultConfigurationName = Release;
		};
		A79120FB294A0A610044E652 /* Build configuration list for PBXNativeTarget "HRHN" */ = {
			isa = XCConfigurationList;
			buildConfigurations = (
				A79120FC294A0A610044E652 /* Debug */,
				A79120FD294A0A610044E652 /* Release */,
			);
			defaultConfigurationIsVisible = 0;
			defaultConfigurationName = Release;
		};
		A79120FE294A0A610044E652 /* Build configuration list for PBXNativeTarget "HRHNTests" */ = {
			isa = XCConfigurationList;
			buildConfigurations = (
				A79120FF294A0A610044E652 /* Debug */,
				A7912100294A0A610044E652 /* Release */,
			);
			defaultConfigurationIsVisible = 0;
			defaultConfigurationName = Release;
		};
		A7912101294A0A610044E652 /* Build configuration list for PBXNativeTarget "HRHNUITests" */ = {
			isa = XCConfigurationList;
			buildConfigurations = (
				A7912102294A0A610044E652 /* Debug */,
				A7912103294A0A610044E652 /* Release */,
			);
			defaultConfigurationIsVisible = 0;
			defaultConfigurationName = Release;
		};
/* End XCConfigurationList section */

/* Begin XCRemoteSwiftPackageReference section */
		A7912104294B0C3F0044E652 /* XCRemoteSwiftPackageReference "SnapKit" */ = {
			isa = XCRemoteSwiftPackageReference;
			repositoryURL = "https://github.com/SnapKit/SnapKit.git";
			requirement = {
				kind = upToNextMajorVersion;
				minimumVersion = 5.0.0;
			};
		};
		A79121462952259A0044E652 /* XCRemoteSwiftPackageReference "DeviceKit" */ = {
			isa = XCRemoteSwiftPackageReference;
			repositoryURL = "https://github.com/devicekit/DeviceKit";
			requirement = {
				kind = upToNextMajorVersion;
				minimumVersion = 5.0.0;
			};
		};
/* End XCRemoteSwiftPackageReference section */

/* Begin XCSwiftPackageProductDependency section */
		A7912105294B0C3F0044E652 /* SnapKit */ = {
			isa = XCSwiftPackageProductDependency;
			package = A7912104294B0C3F0044E652 /* XCRemoteSwiftPackageReference "SnapKit" */;
			productName = SnapKit;
		};
		A79121472952259A0044E652 /* DeviceKit */ = {
			isa = XCSwiftPackageProductDependency;
			package = A79121462952259A0044E652 /* XCRemoteSwiftPackageReference "DeviceKit" */;
			productName = DeviceKit;
		};
/* End XCSwiftPackageProductDependency section */

/* Begin XCVersionGroup section */
		A79120DA294A0A5F0044E652 /* HRHN.xcdatamodeld */ = {
			isa = XCVersionGroup;
			children = (
				A79120DB294A0A5F0044E652 /* HRHN.xcdatamodel */,
			);
			currentVersion = A79120DB294A0A5F0044E652 /* HRHN.xcdatamodel */;
			path = HRHN.xcdatamodeld;
			sourceTree = "<group>";
			versionGroupType = wrapper.xcdatamodel;
		};
/* End XCVersionGroup section */
	};
	rootObject = A79120C6294A0A5F0044E652 /* Project object */;
}
