// !$*UTF8*$!
{
	archiveVersion = 1;
	classes = {
	};
	objectVersion = 56;
	objects = {

/* Begin PBXBuildFile section */
		A79120D2294A0A5F0044E652 /* AppDelegate.swift in Sources */ = {isa = PBXBuildFile; fileRef = A79120D1294A0A5F0044E652 /* AppDelegate.swift */; };
		A79120D4294A0A5F0044E652 /* SceneDelegate.swift in Sources */ = {isa = PBXBuildFile; fileRef = A79120D3294A0A5F0044E652 /* SceneDelegate.swift */; };
		A79120D6294A0A5F0044E652 /* ViewController.swift in Sources */ = {isa = PBXBuildFile; fileRef = A79120D5294A0A5F0044E652 /* ViewController.swift */; };
		A79120D9294A0A5F0044E652 /* Main.storyboard in Resources */ = {isa = PBXBuildFile; fileRef = A79120D7294A0A5F0044E652 /* Main.storyboard */; };
		A79120DC294A0A5F0044E652 /* HRHN.xcdatamodeld in Sources */ = {isa = PBXBuildFile; fileRef = A79120DA294A0A5F0044E652 /* HRHN.xcdatamodeld */; };
		A79120DE294A0A610044E652 /* Assets.xcassets in Resources */ = {isa = PBXBuildFile; fileRef = A79120DD294A0A610044E652 /* Assets.xcassets */; };
		A79120E1294A0A610044E652 /* LaunchScreen.storyboard in Resources */ = {isa = PBXBuildFile; fileRef = A79120DF294A0A610044E652 /* LaunchScreen.storyboard */; };
		A79120EC294A0A610044E652 /* HRHNTests.swift in Sources */ = {isa = PBXBuildFile; fileRef = A79120EB294A0A610044E652 /* HRHNTests.swift */; };
		A79120F6294A0A610044E652 /* HRHNUITests.swift in Sources */ = {isa = PBXBuildFile; fileRef = A79120F5294A0A610044E652 /* HRHNUITests.swift */; };
		A79120F8294A0A610044E652 /* HRHNUITestsLaunchTests.swift in Sources */ = {isa = PBXBuildFile; fileRef = A79120F7294A0A610044E652 /* HRHNUITestsLaunchTests.swift */; };
/* End PBXBuildFile section */

/* Begin PBXContainerItemProxy section */
		A79120E8294A0A610044E652 /* PBXContainerItemProxy */ = {
			isa = PBXContainerItemProxy;
			containerPortal = A79120C6294A0A5F0044E652 /* Project object */;
			proxyType = 1;
			remoteGlobalIDString = A79120CD294A0A5F0044E652;
			remoteInfo = HRHN;
		};
		A79120F2294A0A610044E652 /* PBXContainerItemProxy */ = {
			isa = PBXContainerItemProxy;
			containerPortal = A79120C6294A0A5F0044E652 /* Project object */;
			proxyType = 1;
			remoteGlobalIDString = A79120CD294A0A5F0044E652;
			remoteInfo = HRHN;
		};
/* End PBXContainerItemProxy section */

/* Begin PBXFileReference section */
		A79120CE294A0A5F0044E652 /* HRHN.app */ = {isa = PBXFileReference; explicitFileType = wrapper.application; includeInIndex = 0; path = HRHN.app; sourceTree = BUILT_PRODUCTS_DIR; };
		A79120D1294A0A5F0044E652 /* AppDelegate.swift */ = {isa = PBXFileReference; lastKnownFileType = sourcecode.swift; path = AppDelegate.swift; sourceTree = "<group>"; };
		A79120D3294A0A5F0044E652 /* SceneDelegate.swift */ = {isa = PBXFileReference; lastKnownFileType = sourcecode.swift; path = SceneDelegate.swift; sourceTree = "<group>"; };
		A79120D5294A0A5F0044E652 /* ViewController.swift */ = {isa = PBXFileReference; lastKnownFileType = sourcecode.swift; path = ViewController.swift; sourceTree = "<group>"; };
		A79120D8294A0A5F0044E652 /* Base */ = {isa = PBXFileReference; lastKnownFileType = file.storyboard; name = Base; path = Base.lproj/Main.storyboard; sourceTree = "<group>"; };
		A79120DB294A0A5F0044E652 /* HRHN.xcdatamodel */ = {isa = PBXFileReference; lastKnownFileType = wrapper.xcdatamodel; path = HRHN.xcdatamodel; sourceTree = "<group>"; };
		A79120DD294A0A610044E652 /* Assets.xcassets */ = {isa = PBXFileReference; lastKnownFileType = folder.assetcatalog; path = Assets.xcassets; sourceTree = "<group>"; };
		A79120E0294A0A610044E652 /* Base */ = {isa = PBXFileReference; lastKnownFileType = file.storyboard; name = Base; path = Base.lproj/LaunchScreen.storyboard; sourceTree = "<group>"; };
		A79120E2294A0A610044E652 /* Info.plist */ = {isa = PBXFileReference; lastKnownFileType = text.plist.xml; path = Info.plist; sourceTree = "<group>"; };
		A79120E7294A0A610044E652 /* HRHNTests.xctest */ = {isa = PBXFileReference; explicitFileType = wrapper.cfbundle; includeInIndex = 0; path = HRHNTests.xctest; sourceTree = BUILT_PRODUCTS_DIR; };
		A79120EB294A0A610044E652 /* HRHNTests.swift */ = {isa = PBXFileReference; lastKnownFileType = sourcecode.swift; path = HRHNTests.swift; sourceTree = "<group>"; };
		A79120F1294A0A610044E652 /* HRHNUITests.xctest */ = {isa = PBXFileReference; explicitFileType = wrapper.cfbundle; includeInIndex = 0; path = HRHNUITests.xctest; sourceTree = BUILT_PRODUCTS_DIR; };
		A79120F5294A0A610044E652 /* HRHNUITests.swift */ = {isa = PBXFileReference; lastKnownFileType = sourcecode.swift; path = HRHNUITests.swift; sourceTree = "<group>"; };
		A79120F7294A0A610044E652 /* HRHNUITestsLaunchTests.swift */ = {isa = PBXFileReference; lastKnownFileType = sourcecode.swift; path = HRHNUITestsLaunchTests.swift; sourceTree = "<group>"; };
/* End PBXFileReference section */

/* Begin PBXFrameworksBuildPhase section */
		A79120CB294A0A5F0044E652 /* Frameworks */ = {
			isa = PBXFrameworksBuildPhase;
			buildActionMask = 2147483647;
			files = (
			);
			runOnlyForDeploymentPostprocessing = 0;
		};
		A79120E4294A0A610044E652 /* Frameworks */ = {
			isa = PBXFrameworksBuildPhase;
			buildActionMask = 2147483647;
			files = (
			);
			runOnlyForDeploymentPostprocessing = 0;
		};
		A79120EE294A0A610044E652 /* Frameworks */ = {
			isa = PBXFrameworksBuildPhase;
			buildActionMask = 2147483647;
			files = (
			);
			runOnlyForDeploymentPostprocessing = 0;
		};
/* End PBXFrameworksBuildPhase section */

/* Begin PBXGroup section */
		A79120C5294A0A5F0044E652 = {
			isa = PBXGroup;
			children = (
				A79120D0294A0A5F0044E652 /* HRHN */,
				A79120EA294A0A610044E652 /* HRHNTests */,
				A79120F4294A0A610044E652 /* HRHNUITests */,
				A79120CF294A0A5F0044E652 /* Products */,
			);
			sourceTree = "<group>";
		};
		A79120CF294A0A5F0044E652 /* Products */ = {
			isa = PBXGroup;
			children = (
				A79120CE294A0A5F0044E652 /* HRHN.app */,
				A79120E7294A0A610044E652 /* HRHNTests.xctest */,
				A79120F1294A0A610044E652 /* HRHNUITests.xctest */,
			);
			name = Products;
			sourceTree = "<group>";
		};
		A79120D0294A0A5F0044E652 /* HRHN */ = {
			isa = PBXGroup;
			children = (
				A79120D1294A0A5F0044E652 /* AppDelegate.swift */,
				A79120D3294A0A5F0044E652 /* SceneDelegate.swift */,
				A79120D5294A0A5F0044E652 /* ViewController.swift */,
				A79120D7294A0A5F0044E652 /* Main.storyboard */,
				A79120DD294A0A610044E652 /* Assets.xcassets */,
				A79120DF294A0A610044E652 /* LaunchScreen.storyboard */,
				A79120E2294A0A610044E652 /* Info.plist */,
				A79120DA294A0A5F0044E652 /* HRHN.xcdatamodeld */,
			);
			path = HRHN;
			sourceTree = "<group>";
		};
		A79120EA294A0A610044E652 /* HRHNTests */ = {
			isa = PBXGroup;
			children = (
				A79120EB294A0A610044E652 /* HRHNTests.swift */,
			);
			path = HRHNTests;
			sourceTree = "<group>";
		};
		A79120F4294A0A610044E652 /* HRHNUITests */ = {
			isa = PBXGroup;
			children = (
				A79120F5294A0A610044E652 /* HRHNUITests.swift */,
				A79120F7294A0A610044E652 /* HRHNUITestsLaunchTests.swift */,
			);
			path = HRHNUITests;
			sourceTree = "<group>";
		};
/* End PBXGroup section */

/* Begin PBXNativeTarget section */
		A79120CD294A0A5F0044E652 /* HRHN */ = {
			isa = PBXNativeTarget;
			buildConfigurationList = A79120FB294A0A610044E652 /* Build configuration list for PBXNativeTarget "HRHN" */;
			buildPhases = (
				A79120CA294A0A5F0044E652 /* Sources */,
				A79120CB294A0A5F0044E652 /* Frameworks */,
				A79120CC294A0A5F0044E652 /* Resources */,
			);
			buildRules = (
			);
			dependencies = (
			);
			name = HRHN;
			productName = HRHN;
			productReference = A79120CE294A0A5F0044E652 /* HRHN.app */;
			productType = "com.apple.product-type.application";
		};
		A79120E6294A0A610044E652 /* HRHNTests */ = {
			isa = PBXNativeTarget;
			buildConfigurationList = A79120FE294A0A610044E652 /* Build configuration list for PBXNativeTarget "HRHNTests" */;
			buildPhases = (
				A79120E3294A0A610044E652 /* Sources */,
				A79120E4294A0A610044E652 /* Frameworks */,
				A79120E5294A0A610044E652 /* Resources */,
			);
			buildRules = (
			);
			dependencies = (
				A79120E9294A0A610044E652 /* PBXTargetDependency */,
			);
			name = HRHNTests;
			productName = HRHNTests;
			productReference = A79120E7294A0A610044E652 /* HRHNTests.xctest */;
			productType = "com.apple.product-type.bundle.unit-test";
		};
		A79120F0294A0A610044E652 /* HRHNUITests */ = {
			isa = PBXNativeTarget;
			buildConfigurationList = A7912101294A0A610044E652 /* Build configuration list for PBXNativeTarget "HRHNUITests" */;
			buildPhases = (
				A79120ED294A0A610044E652 /* Sources */,
				A79120EE294A0A610044E652 /* Frameworks */,
				A79120EF294A0A610044E652 /* Resources */,
			);
			buildRules = (
			);
			dependencies = (
				A79120F3294A0A610044E652 /* PBXTargetDependency */,
			);
			name = HRHNUITests;
			productName = HRHNUITests;
			productReference = A79120F1294A0A610044E652 /* HRHNUITests.xctest */;
			productType = "com.apple.product-type.bundle.ui-testing";
		};
/* End PBXNativeTarget section */

/* Begin PBXProject section */
		A79120C6294A0A5F0044E652 /* Project object */ = {
			isa = PBXProject;
			attributes = {
				BuildIndependentTargetsInParallel = 1;
				LastSwiftUpdateCheck = 1400;
				LastUpgradeCheck = 1400;
				TargetAttributes = {
					A79120CD294A0A5F0044E652 = {
						CreatedOnToolsVersion = 14.0;
					};
					A79120E6294A0A610044E652 = {
						CreatedOnToolsVersion = 14.0;
						TestTargetID = A79120CD294A0A5F0044E652;
					};
					A79120F0294A0A610044E652 = {
						CreatedOnToolsVersion = 14.0;
						TestTargetID = A79120CD294A0A5F0044E652;
					};
				};
			};
			buildConfigurationList = A79120C9294A0A5F0044E652 /* Build configuration list for PBXProject "HRHN" */;
			compatibilityVersion = "Xcode 14.0";
			developmentRegion = en;
			hasScannedForEncodings = 0;
			knownRegions = (
				en,
				Base,
			);
			mainGroup = A79120C5294A0A5F0044E652;
			productRefGroup = A79120CF294A0A5F0044E652 /* Products */;
			projectDirPath = "";
			projectRoot = "";
			targets = (
				A79120CD294A0A5F0044E652 /* HRHN */,
				A79120E6294A0A610044E652 /* HRHNTests */,
				A79120F0294A0A610044E652 /* HRHNUITests */,
			);
		};
/* End PBXProject section */

/* Begin PBXResourcesBuildPhase section */
		A79120CC294A0A5F0044E652 /* Resources */ = {
			isa = PBXResourcesBuildPhase;
			buildActionMask = 2147483647;
			files = (
				A79120E1294A0A610044E652 /* LaunchScreen.storyboard in Resources */,
				A79120DE294A0A610044E652 /* Assets.xcassets in Resources */,
				A79120D9294A0A5F0044E652 /* Main.storyboard in Resources */,
			);
			runOnlyForDeploymentPostprocessing = 0;
		};
		A79120E5294A0A610044E652 /* Resources */ = {
			isa = PBXResourcesBuildPhase;
			buildActionMask = 2147483647;
			files = (
			);
			runOnlyForDeploymentPostprocessing = 0;
		};
		A79120EF294A0A610044E652 /* Resources */ = {
			isa = PBXResourcesBuildPhase;
			buildActionMask = 2147483647;
			files = (
			);
			runOnlyForDeploymentPostprocessing = 0;
		};
/* End PBXResourcesBuildPhase section */

/* Begin PBXSourcesBuildPhase section */
		A79120CA294A0A5F0044E652 /* Sources */ = {
			isa = PBXSourcesBuildPhase;
			buildActionMask = 2147483647;
			files = (
				A79120D6294A0A5F0044E652 /* ViewController.swift in Sources */,
				A79120DC294A0A5F0044E652 /* HRHN.xcdatamodeld in Sources */,
				A79120D2294A0A5F0044E652 /* AppDelegate.swift in Sources */,
				A79120D4294A0A5F0044E652 /* SceneDelegate.swift in Sources */,
			);
			runOnlyForDeploymentPostprocessing = 0;
		};
		A79120E3294A0A610044E652 /* Sources */ = {
			isa = PBXSourcesBuildPhase;
			buildActionMask = 2147483647;
			files = (
				A79120EC294A0A610044E652 /* HRHNTests.swift in Sources */,
			);
			runOnlyForDeploymentPostprocessing = 0;
		};
		A79120ED294A0A610044E652 /* Sources */ = {
			isa = PBXSourcesBuildPhase;
			buildActionMask = 2147483647;
			files = (
				A79120F8294A0A610044E652 /* HRHNUITestsLaunchTests.swift in Sources */,
				A79120F6294A0A610044E652 /* HRHNUITests.swift in Sources */,
			);
			runOnlyForDeploymentPostprocessing = 0;
		};
/* End PBXSourcesBuildPhase section */

/* Begin PBXTargetDependency section */
		A79120E9294A0A610044E652 /* PBXTargetDependency */ = {
			isa = PBXTargetDependency;
			target = A79120CD294A0A5F0044E652 /* HRHN */;
			targetProxy = A79120E8294A0A610044E652 /* PBXContainerItemProxy */;
		};
		A79120F3294A0A610044E652 /* PBXTargetDependency */ = {
			isa = PBXTargetDependency;
			target = A79120CD294A0A5F0044E652 /* HRHN */;
			targetProxy = A79120F2294A0A610044E652 /* PBXContainerItemProxy */;
		};
/* End PBXTargetDependency section */

/* Begin PBXVariantGroup section */
		A79120D7294A0A5F0044E652 /* Main.storyboard */ = {
			isa = PBXVariantGroup;
			children = (
				A79120D8294A0A5F0044E652 /* Base */,
			);
			name = Main.storyboard;
			sourceTree = "<group>";
		};
		A79120DF294A0A610044E652 /* LaunchScreen.storyboard */ = {
			isa = PBXVariantGroup;
			children = (
				A79120E0294A0A610044E652 /* Base */,
			);
			name = LaunchScreen.storyboard;
			sourceTree = "<group>";
		};
/* End PBXVariantGroup section */

/* Begin XCBuildConfiguration section */
		A79120F9294A0A610044E652 /* Debug */ = {
			isa = XCBuildConfiguration;
			buildSettings = {
				ALWAYS_SEARCH_USER_PATHS = NO;
				CLANG_ANALYZER_NONNULL = YES;
				CLANG_ANALYZER_NUMBER_OBJECT_CONVERSION = YES_AGGRESSIVE;
				CLANG_CXX_LANGUAGE_STANDARD = "gnu++20";
				CLANG_ENABLE_MODULES = YES;
				CLANG_ENABLE_OBJC_ARC = YES;
				CLANG_ENABLE_OBJC_WEAK = YES;
				CLANG_WARN_BLOCK_CAPTURE_AUTORELEASING = YES;
				CLANG_WARN_BOOL_CONVERSION = YES;
				CLANG_WARN_COMMA = YES;
				CLANG_WARN_CONSTANT_CONVERSION = YES;
				CLANG_WARN_DEPRECATED_OBJC_IMPLEMENTATIONS = YES;
				CLANG_WARN_DIRECT_OBJC_ISA_USAGE = YES_ERROR;
				CLANG_WARN_DOCUMENTATION_COMMENTS = YES;
				CLANG_WARN_EMPTY_BODY = YES;
				CLANG_WARN_ENUM_CONVERSION = YES;
				CLANG_WARN_INFINITE_RECURSION = YES;
				CLANG_WARN_INT_CONVERSION = YES;
				CLANG_WARN_NON_LITERAL_NULL_CONVERSION = YES;
				CLANG_WARN_OBJC_IMPLICIT_RETAIN_SELF = YES;
				CLANG_WARN_OBJC_LITERAL_CONVERSION = YES;
				CLANG_WARN_OBJC_ROOT_CLASS = YES_ERROR;
				CLANG_WARN_QUOTED_INCLUDE_IN_FRAMEWORK_HEADER = YES;
				CLANG_WARN_RANGE_LOOP_ANALYSIS = YES;
				CLANG_WARN_STRICT_PROTOTYPES = YES;
				CLANG_WARN_SUSPICIOUS_MOVE = YES;
				CLANG_WARN_UNGUARDED_AVAILABILITY = YES_AGGRESSIVE;
				CLANG_WARN_UNREACHABLE_CODE = YES;
				CLANG_WARN__DUPLICATE_METHOD_MATCH = YES;
				COPY_PHASE_STRIP = NO;
				DEBUG_INFORMATION_FORMAT = dwarf;
				ENABLE_STRICT_OBJC_MSGSEND = YES;
				ENABLE_TESTABILITY = YES;
				GCC_C_LANGUAGE_STANDARD = gnu11;
				GCC_DYNAMIC_NO_PIC = NO;
				GCC_NO_COMMON_BLOCKS = YES;
				GCC_OPTIMIZATION_LEVEL = 0;
				GCC_PREPROCESSOR_DEFINITIONS = (
					"DEBUG=1",
					"$(inherited)",
				);
				GCC_WARN_64_TO_32_BIT_CONVERSION = YES;
				GCC_WARN_ABOUT_RETURN_TYPE = YES_ERROR;
				GCC_WARN_UNDECLARED_SELECTOR = YES;
				GCC_WARN_UNINITIALIZED_AUTOS = YES_AGGRESSIVE;
				GCC_WARN_UNUSED_FUNCTION = YES;
				GCC_WARN_UNUSED_VARIABLE = YES;
				IPHONEOS_DEPLOYMENT_TARGET = 16.0;
				MTL_ENABLE_DEBUG_INFO = INCLUDE_SOURCE;
				MTL_FAST_MATH = YES;
				ONLY_ACTIVE_ARCH = YES;
				SDKROOT = iphoneos;
				SWIFT_ACTIVE_COMPILATION_CONDITIONS = DEBUG;
				SWIFT_OPTIMIZATION_LEVEL = "-Onone";
			};
			name = Debug;
		};
		A79120FA294A0A610044E652 /* Release */ = {
			isa = XCBuildConfiguration;
			buildSettings = {
				ALWAYS_SEARCH_USER_PATHS = NO;
				CLANG_ANALYZER_NONNULL = YES;
				CLANG_ANALYZER_NUMBER_OBJECT_CONVERSION = YES_AGGRESSIVE;
				CLANG_CXX_LANGUAGE_STANDARD = "gnu++20";
				CLANG_ENABLE_MODULES = YES;
				CLANG_ENABLE_OBJC_ARC = YES;
				CLANG_ENABLE_OBJC_WEAK = YES;
				CLANG_WARN_BLOCK_CAPTURE_AUTORELEASING = YES;
				CLANG_WARN_BOOL_CONVERSION = YES;
				CLANG_WARN_COMMA = YES;
				CLANG_WARN_CONSTANT_CONVERSION = YES;
				CLANG_WARN_DEPRECATED_OBJC_IMPLEMENTATIONS = YES;
				CLANG_WARN_DIRECT_OBJC_ISA_USAGE = YES_ERROR;
				CLANG_WARN_DOCUMENTATION_COMMENTS = YES;
				CLANG_WARN_EMPTY_BODY = YES;
				CLANG_WARN_ENUM_CONVERSION = YES;
				CLANG_WARN_INFINITE_RECURSION = YES;
				CLANG_WARN_INT_CONVERSION = YES;
				CLANG_WARN_NON_LITERAL_NULL_CONVERSION = YES;
				CLANG_WARN_OBJC_IMPLICIT_RETAIN_SELF = YES;
				CLANG_WARN_OBJC_LITERAL_CONVERSION = YES;
				CLANG_WARN_OBJC_ROOT_CLASS = YES_ERROR;
				CLANG_WARN_QUOTED_INCLUDE_IN_FRAMEWORK_HEADER = YES;
				CLANG_WARN_RANGE_LOOP_ANALYSIS = YES;
				CLANG_WARN_STRICT_PROTOTYPES = YES;
				CLANG_WARN_SUSPICIOUS_MOVE = YES;
				CLANG_WARN_UNGUARDED_AVAILABILITY = YES_AGGRESSIVE;
				CLANG_WARN_UNREACHABLE_CODE = YES;
				CLANG_WARN__DUPLICATE_METHOD_MATCH = YES;
				COPY_PHASE_STRIP = NO;
				DEBUG_INFORMATION_FORMAT = "dwarf-with-dsym";
				ENABLE_NS_ASSERTIONS = NO;
				ENABLE_STRICT_OBJC_MSGSEND = YES;
				GCC_C_LANGUAGE_STANDARD = gnu11;
				GCC_NO_COMMON_BLOCKS = YES;
				GCC_WARN_64_TO_32_BIT_CONVERSION = YES;
				GCC_WARN_ABOUT_RETURN_TYPE = YES_ERROR;
				GCC_WARN_UNDECLARED_SELECTOR = YES;
				GCC_WARN_UNINITIALIZED_AUTOS = YES_AGGRESSIVE;
				GCC_WARN_UNUSED_FUNCTION = YES;
				GCC_WARN_UNUSED_VARIABLE = YES;
				IPHONEOS_DEPLOYMENT_TARGET = 16.0;
				MTL_ENABLE_DEBUG_INFO = NO;
				MTL_FAST_MATH = YES;
				SDKROOT = iphoneos;
				SWIFT_COMPILATION_MODE = wholemodule;
				SWIFT_OPTIMIZATION_LEVEL = "-O";
				VALIDATE_PRODUCT = YES;
			};
			name = Release;
		};
		A79120FC294A0A610044E652 /* Debug */ = {
			isa = XCBuildConfiguration;
			buildSettings = {
				ASSETCATALOG_COMPILER_APPICON_NAME = AppIcon;
				ASSETCATALOG_COMPILER_GLOBAL_ACCENT_COLOR_NAME = AccentColor;
				CODE_SIGN_STYLE = Automatic;
				CURRENT_PROJECT_VERSION = 1;
				DEVELOPMENT_TEAM = 562Z37RH3N;
				GENERATE_INFOPLIST_FILE = YES;
				INFOPLIST_FILE = HRHN/Info.plist;
				INFOPLIST_KEY_UIApplicationSupportsIndirectInputEvents = YES;
				INFOPLIST_KEY_UILaunchStoryboardName = LaunchScreen;
				INFOPLIST_KEY_UIMainStoryboardFile = Main;
				INFOPLIST_KEY_UISupportedInterfaceOrientations_iPad = "UIInterfaceOrientationPortrait UIInterfaceOrientationPortraitUpsideDown UIInterfaceOrientationLandscapeLeft UIInterfaceOrientationLandscapeRight";
				INFOPLIST_KEY_UISupportedInterfaceOrientations_iPhone = "UIInterfaceOrientationPortrait UIInterfaceOrientationLandscapeLeft UIInterfaceOrientationLandscapeRight";
				LD_RUNPATH_SEARCH_PATHS = (
					"$(inherited)",
					"@executable_path/Frameworks",
				);
				MARKETING_VERSION = 1.0;
				PRODUCT_BUNDLE_IDENTIFIER = com.chanheejeong.HRHN;
				PRODUCT_NAME = "$(TARGET_NAME)";
				SWIFT_EMIT_LOC_STRINGS = YES;
				SWIFT_VERSION = 5.0;
				TARGETED_DEVICE_FAMILY = "1,2";
			};
			name = Debug;
		};
		A79120FD294A0A610044E652 /* Release */ = {
			isa = XCBuildConfiguration;
			buildSettings = {
				ASSETCATALOG_COMPILER_APPICON_NAME = AppIcon;
				ASSETCATALOG_COMPILER_GLOBAL_ACCENT_COLOR_NAME = AccentColor;
				CODE_SIGN_STYLE = Automatic;
				CURRENT_PROJECT_VERSION = 1;
				DEVELOPMENT_TEAM = 562Z37RH3N;
				GENERATE_INFOPLIST_FILE = YES;
				INFOPLIST_FILE = HRHN/Info.plist;
				INFOPLIST_KEY_UIApplicationSupportsIndirectInputEvents = YES;
				INFOPLIST_KEY_UILaunchStoryboardName = LaunchScreen;
				INFOPLIST_KEY_UIMainStoryboardFile = Main;
				INFOPLIST_KEY_UISupportedInterfaceOrientations_iPad = "UIInterfaceOrientationPortrait UIInterfaceOrientationPortraitUpsideDown UIInterfaceOrientationLandscapeLeft UIInterfaceOrientationLandscapeRight";
				INFOPLIST_KEY_UISupportedInterfaceOrientations_iPhone = "UIInterfaceOrientationPortrait UIInterfaceOrientationLandscapeLeft UIInterfaceOrientationLandscapeRight";
				LD_RUNPATH_SEARCH_PATHS = (
					"$(inherited)",
					"@executable_path/Frameworks",
				);
				MARKETING_VERSION = 1.0;
				PRODUCT_BUNDLE_IDENTIFIER = com.chanheejeong.HRHN;
				PRODUCT_NAME = "$(TARGET_NAME)";
				SWIFT_EMIT_LOC_STRINGS = YES;
				SWIFT_VERSION = 5.0;
				TARGETED_DEVICE_FAMILY = "1,2";
			};
			name = Release;
		};
		A79120FF294A0A610044E652 /* Debug */ = {
			isa = XCBuildConfiguration;
			buildSettings = {
				ALWAYS_EMBED_SWIFT_STANDARD_LIBRARIES = YES;
				BUNDLE_LOADER = "$(TEST_HOST)";
				CODE_SIGN_STYLE = Automatic;
				CURRENT_PROJECT_VERSION = 1;
				DEVELOPMENT_TEAM = 562Z37RH3N;
				GENERATE_INFOPLIST_FILE = YES;
				IPHONEOS_DEPLOYMENT_TARGET = 16.0;
				MARKETING_VERSION = 1.0;
				PRODUCT_BUNDLE_IDENTIFIER = com.chanheejeong.HRHNTests;
				PRODUCT_NAME = "$(TARGET_NAME)";
				SWIFT_EMIT_LOC_STRINGS = NO;
				SWIFT_VERSION = 5.0;
				TARGETED_DEVICE_FAMILY = "1,2";
				TEST_HOST = "$(BUILT_PRODUCTS_DIR)/HRHN.app/$(BUNDLE_EXECUTABLE_FOLDER_PATH)/HRHN";
			};
			name = Debug;
		};
		A7912100294A0A610044E652 /* Release */ = {
			isa = XCBuildConfiguration;
			buildSettings = {
				ALWAYS_EMBED_SWIFT_STANDARD_LIBRARIES = YES;
				BUNDLE_LOADER = "$(TEST_HOST)";
				CODE_SIGN_STYLE = Automatic;
				CURRENT_PROJECT_VERSION = 1;
				DEVELOPMENT_TEAM = 562Z37RH3N;
				GENERATE_INFOPLIST_FILE = YES;
				IPHONEOS_DEPLOYMENT_TARGET = 16.0;
				MARKETING_VERSION = 1.0;
				PRODUCT_BUNDLE_IDENTIFIER = com.chanheejeong.HRHNTests;
				PRODUCT_NAME = "$(TARGET_NAME)";
				SWIFT_EMIT_LOC_STRINGS = NO;
				SWIFT_VERSION = 5.0;
				TARGETED_DEVICE_FAMILY = "1,2";
				TEST_HOST = "$(BUILT_PRODUCTS_DIR)/HRHN.app/$(BUNDLE_EXECUTABLE_FOLDER_PATH)/HRHN";
			};
			name = Release;
		};
		A7912102294A0A610044E652 /* Debug */ = {
			isa = XCBuildConfiguration;
			buildSettings = {
				ALWAYS_EMBED_SWIFT_STANDARD_LIBRARIES = YES;
				CODE_SIGN_STYLE = Automatic;
				CURRENT_PROJECT_VERSION = 1;
				DEVELOPMENT_TEAM = 562Z37RH3N;
				GENERATE_INFOPLIST_FILE = YES;
				MARKETING_VERSION = 1.0;
				PRODUCT_BUNDLE_IDENTIFIER = com.chanheejeong.HRHNUITests;
				PRODUCT_NAME = "$(TARGET_NAME)";
				SWIFT_EMIT_LOC_STRINGS = NO;
				SWIFT_VERSION = 5.0;
				TARGETED_DEVICE_FAMILY = "1,2";
				TEST_TARGET_NAME = HRHN;
			};
			name = Debug;
		};
		A7912103294A0A610044E652 /* Release */ = {
			isa = XCBuildConfiguration;
			buildSettings = {
				ALWAYS_EMBED_SWIFT_STANDARD_LIBRARIES = YES;
				CODE_SIGN_STYLE = Automatic;
				CURRENT_PROJECT_VERSION = 1;
				DEVELOPMENT_TEAM = 562Z37RH3N;
				GENERATE_INFOPLIST_FILE = YES;
				MARKETING_VERSION = 1.0;
				PRODUCT_BUNDLE_IDENTIFIER = com.chanheejeong.HRHNUITests;
				PRODUCT_NAME = "$(TARGET_NAME)";
				SWIFT_EMIT_LOC_STRINGS = NO;
				SWIFT_VERSION = 5.0;
				TARGETED_DEVICE_FAMILY = "1,2";
				TEST_TARGET_NAME = HRHN;
			};
			name = Release;
		};
/* End XCBuildConfiguration section */

/* Begin XCConfigurationList section */
		A79120C9294A0A5F0044E652 /* Build configuration list for PBXProject "HRHN" */ = {
			isa = XCConfigurationList;
			buildConfigurations = (
				A79120F9294A0A610044E652 /* Debug */,
				A79120FA294A0A610044E652 /* Release */,
			);
			defaultConfigurationIsVisible = 0;
			defaultConfigurationName = Release;
		};
		A79120FB294A0A610044E652 /* Build configuration list for PBXNativeTarget "HRHN" */ = {
			isa = XCConfigurationList;
			buildConfigurations = (
				A79120FC294A0A610044E652 /* Debug */,
				A79120FD294A0A610044E652 /* Release */,
			);
			defaultConfigurationIsVisible = 0;
			defaultConfigurationName = Release;
		};
		A79120FE294A0A610044E652 /* Build configuration list for PBXNativeTarget "HRHNTests" */ = {
			isa = XCConfigurationList;
			buildConfigurations = (
				A79120FF294A0A610044E652 /* Debug */,
				A7912100294A0A610044E652 /* Release */,
			);
			defaultConfigurationIsVisible = 0;
			defaultConfigurationName = Release;
		};
		A7912101294A0A610044E652 /* Build configuration list for PBXNativeTarget "HRHNUITests" */ = {
			isa = XCConfigurationList;
			buildConfigurations = (
				A7912102294A0A610044E652 /* Debug */,
				A7912103294A0A610044E652 /* Release */,
			);
			defaultConfigurationIsVisible = 0;
			defaultConfigurationName = Release;
		};
/* End XCConfigurationList section */

/* Begin XCVersionGroup section */
		A79120DA294A0A5F0044E652 /* HRHN.xcdatamodeld */ = {
			isa = XCVersionGroup;
			children = (
				A79120DB294A0A5F0044E652 /* HRHN.xcdatamodel */,
			);
			currentVersion = A79120DB294A0A5F0044E652 /* HRHN.xcdatamodel */;
			path = HRHN.xcdatamodeld;
			sourceTree = "<group>";
			versionGroupType = wrapper.xcdatamodel;
		};
/* End XCVersionGroup section */
	};
	rootObject = A79120C6294A0A5F0044E652 /* Project object */;
}
